
Microsoft Visual Studio Solution File, Format Version 12.00
# Visual Studio Version 17
VisualStudioVersion = 17.13.35919.96
MinimumVisualStudioVersion = 10.0.40219.1
Project("{FAE04EC0-301F-11D3-BF4B-00C04F79EFBC}") = "CoPilot.Workshop.Domain", "CoPilot.Workshop.Domain\CoPilot.Workshop.Domain.csproj", "{4FE4BA59-963C-475E-BFEA-A91A6EF3242E}"
EndProject
Project("{FAE04EC0-301F-11D3-BF4B-00C04F79EFBC}") = "CoPilot.Workshop.App", "CoPilot.Workshop.App\CoPilot.Workshop.App.csproj", "{5AB27368-4A12-448E-89C0-7C204FAF5200}"
EndProject
Project("{FAE04EC0-301F-11D3-BF4B-00C04F79EFBC}") = "CoPilot.Workshop.Infra.Data", "CoPilot.Workshop.Infra.Data\CoPilot.Workshop.Infra.Data.csproj", "{9E68A2AC-5A4D-482C-B157-94C4B4AABCB4}"
EndProject
Project("{FAE04EC0-301F-11D3-BF4B-00C04F79EFBC}") = "CoPilot.Workshop.API", "CoPilot.Workshop.API\CoPilot.Workshop.API.csproj", "{9D694FA0-B194-4ACD-90DB-5B0001F62E6F}"
EndProject
Project("{2150E333-8FDC-42A3-9474-1A3956D46DE8}") = "Solution Items", "Solution Items", "{8EC462FD-D22E-90A8-E5CE-7E832BA40C5D}"
	ProjectSection(SolutionItems) = preProject
		README.md = README.md
	EndProjectSection
EndProject
Project("{FAE04EC0-301F-11D3-BF4B-00C04F79EFBC}") = "CoPilot.Workshop.Framework", "CoPilot.Workshop.Framework\CoPilot.Workshop.Framework.csproj", "{D41EBF99-A2C2-4E09-9674-CB6F2D34F3E7}"
EndProject
Project("{2150E333-8FDC-42A3-9474-1A3956D46DE8}") = "Tests", "Tests", "{02EA681E-C7D8-13C7-8484-4AC65E1B71E8}"
EndProject
Project("{FAE04EC0-301F-11D3-BF4B-00C04F79EFBC}") = "CoPilot.Workshop.Domain.Tests", "Tests\CoPilot.Workshop.Domain.Tests\CoPilot.Workshop.Domain.Tests.csproj", "{661D4311-F6D1-44AA-BED4-5BD85E1AA7F3}"
EndProject
Global
	GlobalSection(SolutionConfigurationPlatforms) = preSolution
		Debug|Any CPU = Debug|Any CPU
		Release|Any CPU = Release|Any CPU
	EndGlobalSection
	GlobalSection(ProjectConfigurationPlatforms) = postSolution
		{4FE4BA59-963C-475E-BFEA-A91A6EF3242E}.Debug|Any CPU.ActiveCfg = Debug|Any CPU
		{4FE4BA59-963C-475E-BFEA-A91A6EF3242E}.Debug|Any CPU.Build.0 = Debug|Any CPU
		{4FE4BA59-963C-475E-BFEA-A91A6EF3242E}.Release|Any CPU.ActiveCfg = Release|Any CPU
		{4FE4BA59-963C-475E-BFEA-A91A6EF3242E}.Release|Any CPU.Build.0 = Release|Any CPU
		{5AB27368-4A12-448E-89C0-7C204FAF5200}.Debug|Any CPU.ActiveCfg = Debug|Any CPU
		{5AB27368-4A12-448E-89C0-7C204FAF5200}.Debug|Any CPU.Build.0 = Debug|Any CPU
		{5AB27368-4A12-448E-89C0-7C204FAF5200}.Release|Any CPU.ActiveCfg = Release|Any CPU
		{5AB27368-4A12-448E-89C0-7C204FAF5200}.Release|Any CPU.Build.0 = Release|Any CPU
		{9E68A2AC-5A4D-482C-B157-94C4B4AABCB4}.Debug|Any CPU.ActiveCfg = Debug|Any CPU
		{9E68A2AC-5A4D-482C-B157-94C4B4AABCB4}.Debug|Any CPU.Build.0 = Debug|Any CPU
		{9E68A2AC-5A4D-482C-B157-94C4B4AABCB4}.Release|Any CPU.ActiveCfg = Release|Any CPU
		{9E68A2AC-5A4D-482C-B157-94C4B4AABCB4}.Release|Any CPU.Build.0 = Release|Any CPU
		{9D694FA0-B194-4ACD-90DB-5B0001F62E6F}.Debug|Any CPU.ActiveCfg = Debug|Any CPU
		{9D694FA0-B194-4ACD-90DB-5B0001F62E6F}.Debug|Any CPU.Build.0 = Debug|Any CPU
		{9D694FA0-B194-4ACD-90DB-5B0001F62E6F}.Release|Any CPU.ActiveCfg = Release|Any CPU
		{9D694FA0-B194-4ACD-90DB-5B0001F62E6F}.Release|Any CPU.Build.0 = Release|Any CPU
		{D41EBF99-A2C2-4E09-9674-CB6F2D34F3E7}.Debug|Any CPU.ActiveCfg = Debug|Any CPU
		{D41EBF99-A2C2-4E09-9674-CB6F2D34F3E7}.Debug|Any CPU.Build.0 = Debug|Any CPU
		{D41EBF99-A2C2-4E09-9674-CB6F2D34F3E7}.Release|Any CPU.ActiveCfg = Release|Any CPU
		{D41EBF99-A2C2-4E09-9674-CB6F2D34F3E7}.Release|Any CPU.Build.0 = Release|Any CPU
		{661D4311-F6D1-44AA-BED4-5BD85E1AA7F3}.Debug|Any CPU.ActiveCfg = Debug|Any CPU
		{661D4311-F6D1-44AA-BED4-5BD85E1AA7F3}.Debug|Any CPU.Build.0 = Debug|Any CPU
		{661D4311-F6D1-44AA-BED4-5BD85E1AA7F3}.Release|Any CPU.ActiveCfg = Release|Any CPU
		{661D4311-F6D1-44AA-BED4-5BD85E1AA7F3}.Release|Any CPU.Build.0 = Release|Any CPU
	EndGlobalSection
	GlobalSection(SolutionProperties) = preSolution
		HideSolutionNode = FALSE
	EndGlobalSection
	GlobalSection(NestedProjects) = preSolution
		{661D4311-F6D1-44AA-BED4-5BD85E1AA7F3} = {02EA681E-C7D8-13C7-8484-4AC65E1B71E8}
	EndGlobalSection
	GlobalSection(ExtensibilityGlobals) = postSolution
		SolutionGuid = {D27EEA8D-73C4-4AB7-9351-D98E38E875EB}
	EndGlobalSection
EndGlobal
